
Microsoft Visual Studio Solution File, Format Version 12.00
# Visual Studio 15
VisualStudioVersion = 15.0.27705.2000
MinimumVisualStudioVersion = 10.0.40219.1
Project("{FAE04EC0-301F-11D3-BF4B-00C04F79EFBC}") = "CoreDemo", "CoreDemo\CoreDemo.csproj", "{3F209308-9C7E-4E9D-BFE3-FCFA740A8554}"
EndProject
Project("{FAE04EC0-301F-11D3-BF4B-00C04F79EFBC}") = "RestAPI", "RestAPI\RestAPI.csproj", "{915DBCFC-8443-413F-9037-A142111BCB25}"
EndProject
Global
	GlobalSection(SolutionConfigurationPlatforms) = preSolution
		Debug|Any CPU = Debug|Any CPU
		Release|Any CPU = Release|Any CPU
	EndGlobalSection
	GlobalSection(ProjectConfigurationPlatforms) = postSolution
		{3F209308-9C7E-4E9D-BFE3-FCFA740A8554}.Debug|Any CPU.ActiveCfg = Debug|Any CPU
		{3F209308-9C7E-4E9D-BFE3-FCFA740A8554}.Debug|Any CPU.Build.0 = Debug|Any CPU
		{3F209308-9C7E-4E9D-BFE3-FCFA740A8554}.Release|Any CPU.ActiveCfg = Release|Any CPU
		{3F209308-9C7E-4E9D-BFE3-FCFA740A8554}.Release|Any CPU.Build.0 = Release|Any CPU
		{915DBCFC-8443-413F-9037-A142111BCB25}.Debug|Any CPU.ActiveCfg = Debug|Any CPU
		{915DBCFC-8443-413F-9037-A142111BCB25}.Debug|Any CPU.Build.0 = Debug|Any CPU
		{915DBCFC-8443-413F-9037-A142111BCB25}.Release|Any CPU.ActiveCfg = Release|Any CPU
		{915DBCFC-8443-413F-9037-A142111BCB25}.Release|Any CPU.Build.0 = Release|Any CPU
	EndGlobalSection
	GlobalSection(SolutionProperties) = preSolution
		HideSolutionNode = FALSE
	EndGlobalSection
	GlobalSection(ExtensibilityGlobals) = postSolution
		SolutionGuid = {BC7B5132-0DB1-46DD-B9AE-DBBDB8A32B1F}
	EndGlobalSection
EndGlobal
